<?xml version="1.0" encoding="utf-8"?>
<Project ToolsVersion="4.0" xmlns="http://schemas.microsoft.com/developer/msbuild/2003">
  <ItemGroup>
    <Filter Include="Source Files">
      <UniqueIdentifier>{4FC737F1-C7A5-4376-A066-2A32D752A2FF}</UniqueIdentifier>
      <Extensions>cpp;c;cc;cxx;c++;cppm;ixx;def;odl;idl;hpj;bat;asm;asmx</Extensions>
    </Filter>
    <Filter Include="Header Files">
      <UniqueIdentifier>{93995380-89BD-4b04-88EB-625FBE52EBFB}</UniqueIdentifier>
      <Extensions>h;hh;hpp;hxx;h++;hm;inl;inc;ipp;xsd</Extensions>
    </Filter>
    <Filter Include="Resource Files">
      <UniqueIdentifier>{67DA6AB6-F800-4c08-8B7A-83BB121AAD01}</UniqueIdentifier>
      <Extensions>rc;ico;cur;bmp;dlg;rc2;rct;bin;rgs;gif;jpg;jpeg;jpe;resx;tiff;tif;png;wav;mfcribbon-ms</Extensions>
    </Filter>
    <Filter Include="Source Files\patches">
      <UniqueIdentifier>{07414658-94c4-46f9-af46-4eaa3dde0a74}</UniqueIdentifier>
    </Filter>
    <Filter Include="Source Files\patches\ToE_fixes">
      <UniqueIdentifier>{1a500135-d466-436f-841c-69f830b8cf32}</UniqueIdentifier>
    </Filter>
    <Filter Include="x86">
      <UniqueIdentifier>{21f79173-54be-48d2-998a-cb5f15cd0ae9}</UniqueIdentifier>
    </Filter>
    <Filter Include="x64">
      <UniqueIdentifier>{529c2f3a-7650-45c4-84c3-5f52695c3b56}</UniqueIdentifier>
    </Filter>
  </ItemGroup>
  <ItemGroup>
    <ClInclude Include="framework.h">
      <Filter>Header Files</Filter>
    </ClInclude>
    <ClInclude Include="pch.h">
      <Filter>Header Files</Filter>
    </ClInclude>
    <ClInclude Include="globals.h">
      <Filter>Header Files</Filter>
    </ClInclude>
    <ClInclude Include="mainH5.h">
      <Filter>Header Files</Filter>
    </ClInclude>
    <ClInclude Include="pugixml.hpp">
      <Filter>Header Files</Filter>
    </ClInclude>
  </ItemGroup>
  <ItemGroup>
    <ClCompile Include="dllmain.cpp">
      <Filter>Source Files</Filter>
    </ClCompile>
    <ClCompile Include="pch.cpp">
      <Filter>Source Files</Filter>
    </ClCompile>
    <ClCompile Include="utility_functions.cpp">
      <Filter>Source Files</Filter>
    </ClCompile>
    <ClCompile Include="globals.cpp">
      <Filter>Source Files</Filter>
    </ClCompile>
    <ClCompile Include="EmpoweredArmageddonFixes.cpp">
      <Filter>Source Files\patches\ToE_fixes</Filter>
    </ClCompile>
    <ClCompile Include="ArcaneRenewalFix.cpp">
      <Filter>Source Files\patches\ToE_fixes</Filter>
    </ClCompile>
    <ClCompile Include="EnlightenmentForBarbsFix.cpp">
      <Filter>Source Files\patches\ToE_fixes</Filter>
    </ClCompile>
    <ClCompile Include="SnareFix.cpp">
      <Filter>Source Files\patches\ToE_fixes</Filter>
    </ClCompile>
    <ClCompile Include="mainH5.cpp">
      <Filter>Source Files</Filter>
    </ClCompile>
    <ClCompile Include="ImbueBalistaAtbFix.cpp">
      <Filter>Source Files\patches\ToE_fixes</Filter>
    </ClCompile>
    <ClCompile Include="RuneOfTheDragonForm.cpp">
      <Filter>Source Files\patches\ToE_fixes</Filter>
    </ClCompile>
    <ClCompile Include="CombatAIFix.cpp">
      <Filter>Source Files\patches\ToE_fixes</Filter>
    </ClCompile>
    <ClCompile Include="AgilityFix.cpp">
      <Filter>Source Files\patches\ToE_fixes</Filter>
    </ClCompile>
    <ClCompile Include="EliteCastersFix.cpp">
      <Filter>Source Files\patches\ToE_fixes</Filter>
    </ClCompile>
    <ClCompile Include="pugixml.cpp">
      <Filter>Source Files</Filter>
    </ClCompile>
    <ClCompile Include="OneStackSplit.cpp">
      <Filter>Source Files\patches</Filter>
    </ClCompile>
    <ClCompile Include="BookOfPowerLevelUp.cpp">
      <Filter>Source Files\patches\ToE_fixes</Filter>
    </ClCompile>
    <ClCompile Include="MasterOfFireFix.cpp">
      <Filter>Source Files\patches\ToE_fixes</Filter>
    </ClCompile>
    <ClCompile Include="EncourageFix.cpp">
      <Filter>Source Files\patches\ToE_fixes</Filter>
    </ClCompile>
  </ItemGroup>
  <ItemGroup>
    <None Include="x86\MinHook.dll">
      <Filter>x86</Filter>
    </None>
    <None Include="x64\MinHook.dll">
      <Filter>x64</Filter>
    </None>
    <None Include="packages.config" />
  </ItemGroup>
</Project>